
Microsoft Visual Studio Solution File, Format Version 12.00
# Visual Studio Version 16
VisualStudioVersion = 16.0.32106.194
MinimumVisualStudioVersion = 10.0.40219.1
Project("{FAE04EC0-301F-11D3-BF4B-00C04F79EFBC}") = "ExperimentWithControls", "ExperimentWithControls\ExperimentWithControls.csproj", "{5A07DA0C-DC0F-4EA7-9D0F-83393D85B253}"
EndProject
Global
	GlobalSection(SolutionConfigurationPlatforms) = preSolution
		Debug|Any CPU = Debug|Any CPU
		Release|Any CPU = Release|Any CPU
	EndGlobalSection
	GlobalSection(ProjectConfigurationPlatforms) = postSolution
		{5A07DA0C-DC0F-4EA7-9D0F-83393D85B253}.Debug|Any CPU.ActiveCfg = Debug|Any CPU
		{5A07DA0C-DC0F-4EA7-9D0F-83393D85B253}.Debug|Any CPU.Build.0 = Debug|Any CPU
		{5A07DA0C-DC0F-4EA7-9D0F-83393D85B253}.Release|Any CPU.ActiveCfg = Release|Any CPU
		{5A07DA0C-DC0F-4EA7-9D0F-83393D85B253}.Release|Any CPU.Build.0 = Release|Any CPU
	EndGlobalSection
	GlobalSection(SolutionProperties) = preSolution
		HideSolutionNode = FALSE
	EndGlobalSection
	GlobalSection(ExtensibilityGlobals) = postSolution
		SolutionGuid = {A9C72240-9030-4483-A19E-05508BBAFD6F}
	EndGlobalSection
EndGlobal
